{
  "name": "jup-payments",
  "version": "1.0.0",
  "lockfileVersion": 3,
  "requires": true,
  "packages": {
    "": {
      "name": "jup-payments",
      "version": "1.0.0",
      "license": "ISC",
      "dependencies": {
        "@solana-program/compute-budget": "^0.5.3",
        "@solana-program/token": "^0.3.2",
        "@solana/web3.js": "^2.0.0-rc.1",
        "dotenv": "^16.4.5"
      },
      "devDependencies": {
        "@types/node": "^22.7.5",
        "typescript": "^5.6.3"
      }
    },
    "node_modules/@solana-program/compute-budget": {
      "version": "0.5.3",
      "resolved": "https://registry.npmjs.org/@solana-program/compute-budget/-/compute-budget-0.5.3.tgz",
      "integrity": "sha512-FWAOwhpMhtjSQydBhuM/1LJS7hLeK1Qt4v+dIwLDQzlfyrJ4UwB51VoGLpd5akzENTZhUgIgL2ml6MKqxrkMGQ==",
      "license": "Apache-2.0",
      "peerDependencies": {
        "@solana/web3.js": "2.0.0-rc.1"
      }
    },
    "node_modules/@solana-program/token": {
      "version": "0.3.2",
      "resolved": "https://registry.npmjs.org/@solana-program/token/-/token-0.3.2.tgz",
      "integrity": "sha512-kyw9/1UlqFETpgpC1ZjLpa1ZKfsIsbDr8+VGDa98TYfIwZh+FPx7ychDIyXAZJR510/w9L8nBraqPTzn0loYHw==",
      "license": "Apache-2.0",
      "peerDependencies": {
        "@solana/web3.js": "2.0.0-rc.1"
      }
    },
    "node_modules/@solana/accounts": {
      "version": "2.0.0-rc.1",
      "resolved": "https://registry.npmjs.org/@solana/accounts/-/accounts-2.0.0-rc.1.tgz",
      "integrity": "sha512-au6grz6iIgepKIbN2HUHKatFhg7mvIvdjFMDYpuEx+AGwK7vHnN5PsJqSCGQydthC2nVQwSZC9IgA5MF5wUHdw==",
      "license": "MIT",
      "dependencies": {
        "@solana/addresses": "2.0.0-rc.1",
        "@solana/codecs-core": "2.0.0-rc.1",
        "@solana/codecs-strings": "2.0.0-rc.1",
        "@solana/errors": "2.0.0-rc.1",
        "@solana/rpc-spec": "2.0.0-rc.1",
        "@solana/rpc-types": "2.0.0-rc.1"
      },
      "peerDependencies": {
        "typescript": ">=5"
      }
    },
    "node_modules/@solana/addresses": {
      "version": "2.0.0-rc.1",
      "resolved": "https://registry.npmjs.org/@solana/addresses/-/addresses-2.0.0-rc.1.tgz",
      "integrity": "sha512-g31KrLZdECjAKceShlGoYxnWDmEVklpjPs8xOtnj/HWupEk+Mds4vtmTACTAeJkWZW/3x+z0aexMtO86MKA47g==",
      "license": "MIT",
      "dependencies": {
        "@solana/assertions": "2.0.0-rc.1",
        "@solana/codecs-core": "2.0.0-rc.1",
        "@solana/codecs-strings": "2.0.0-rc.1",
        "@solana/errors": "2.0.0-rc.1"
      },
      "peerDependencies": {
        "typescript": ">=5"
      }
    },
    "node_modules/@solana/assertions": {
      "version": "2.0.0-rc.1",
      "resolved": "https://registry.npmjs.org/@solana/assertions/-/assertions-2.0.0-rc.1.tgz",
      "integrity": "sha512-dvxYCUB7ftZa5lWcsyMYLsGm204H6yVN8Q3ngluMG0rhTtScMBRklVg7Vs39ISwJOkJWJPGToaZ7DjNJ83bm1Q==",
      "license": "MIT",
      "dependencies": {
        "@solana/errors": "2.0.0-rc.1"
      },
      "peerDependencies": {
        "typescript": ">=5"
      }
    },
    "node_modules/@solana/codecs": {
      "version": "2.0.0-rc.1",
      "resolved": "https://registry.npmjs.org/@solana/codecs/-/codecs-2.0.0-rc.1.tgz",
      "integrity": "sha512-qxoR7VybNJixV51L0G1RD2boZTcxmwUWnKCaJJExQ5qNKwbpSyDdWfFJfM5JhGyKe9DnPVOZB+JHWXnpbZBqrQ==",
      "license": "MIT",
      "dependencies": {
        "@solana/codecs-core": "2.0.0-rc.1",
        "@solana/codecs-data-structures": "2.0.0-rc.1",
        "@solana/codecs-numbers": "2.0.0-rc.1",
        "@solana/codecs-strings": "2.0.0-rc.1",
        "@solana/options": "2.0.0-rc.1"
      },
      "peerDependencies": {
        "typescript": ">=5"
      }
    },
    "node_modules/@solana/codecs-core": {
      "version": "2.0.0-rc.1",
      "resolved": "https://registry.npmjs.org/@solana/codecs-core/-/codecs-core-2.0.0-rc.1.tgz",
      "integrity": "sha512-bauxqMfSs8EHD0JKESaNmNuNvkvHSuN3bbWAF5RjOfDu2PugxHrvRebmYauvSumZ3cTfQ4HJJX6PG5rN852qyQ==",
      "license": "MIT",
      "dependencies": {
        "@solana/errors": "2.0.0-rc.1"
      },
      "peerDependencies": {
        "typescript": ">=5"
      }
    },
    "node_modules/@solana/codecs-data-structures": {
      "version": "2.0.0-rc.1",
      "resolved": "https://registry.npmjs.org/@solana/codecs-data-structures/-/codecs-data-structures-2.0.0-rc.1.tgz",
      "integrity": "sha512-rinCv0RrAVJ9rE/rmaibWJQxMwC5lSaORSZuwjopSUE6T0nb/MVg6Z1siNCXhh/HFTOg0l8bNvZHgBcN/yvXog==",
      "license": "MIT",
      "dependencies": {
        "@solana/codecs-core": "2.0.0-rc.1",
        "@solana/codecs-numbers": "2.0.0-rc.1",
        "@solana/errors": "2.0.0-rc.1"
      },
      "peerDependencies": {
        "typescript": ">=5"
      }
    },
    "node_modules/@solana/codecs-numbers": {
      "version": "2.0.0-rc.1",
      "resolved": "https://registry.npmjs.org/@solana/codecs-numbers/-/codecs-numbers-2.0.0-rc.1.tgz",
      "integrity": "sha512-J5i5mOkvukXn8E3Z7sGIPxsThRCgSdgTWJDQeZvucQ9PT6Y3HiVXJ0pcWiOWAoQ3RX8e/f4I3IC+wE6pZiJzDQ==",
      "license": "MIT",
      "dependencies": {
        "@solana/codecs-core": "2.0.0-rc.1",
        "@solana/errors": "2.0.0-rc.1"
      },
      "peerDependencies": {
        "typescript": ">=5"
      }
    },
    "node_modules/@solana/codecs-strings": {
      "version": "2.0.0-rc.1",
      "resolved": "https://registry.npmjs.org/@solana/codecs-strings/-/codecs-strings-2.0.0-rc.1.tgz",
      "integrity": "sha512-9/wPhw8TbGRTt6mHC4Zz1RqOnuPTqq1Nb4EyuvpZ39GW6O2t2Q7Q0XxiB3+BdoEjwA2XgPw6e2iRfvYgqty44g==",
      "license": "MIT",
      "dependencies": {
        "@solana/codecs-core": "2.0.0-rc.1",
        "@solana/codecs-numbers": "2.0.0-rc.1",
        "@solana/errors": "2.0.0-rc.1"
      },
      "peerDependencies": {
        "fastestsmallesttextencoderdecoder": "^1.0.22",
        "typescript": ">=5"
      }
    },
    "node_modules/@solana/errors": {
      "version": "2.0.0-rc.1",
      "resolved": "https://registry.npmjs.org/@solana/errors/-/errors-2.0.0-rc.1.tgz",
      "integrity": "sha512-ejNvQ2oJ7+bcFAYWj225lyRkHnixuAeb7RQCixm+5mH4n1IA4Qya/9Bmfy5RAAHQzxK43clu3kZmL5eF9VGtYQ==",
      "license": "MIT",
      "dependencies": {
        "chalk": "^5.3.0",
        "commander": "^12.1.0"
      },
      "bin": {
        "errors": "bin/cli.mjs"
      },
      "peerDependencies": {
        "typescript": ">=5"
      }
    },
    "node_modules/@solana/fast-stable-stringify": {
      "version": "2.0.0-rc.1",
      "resolved": "https://registry.npmjs.org/@solana/fast-stable-stringify/-/fast-stable-stringify-2.0.0-rc.1.tgz",
      "integrity": "sha512-TN8JY+Sbh5NNq4TqdWil8hXKx2d84bTHvY6jfBXNjM29S0fwpUpVRHUzOkuK1mjjWFNkMpfgJfozC0TjdUbkvA==",
      "license": "MIT",
      "peerDependencies": {
        "typescript": ">=5"
      }
    },
    "node_modules/@solana/functional": {
      "version": "2.0.0-rc.1",
      "resolved": "https://registry.npmjs.org/@solana/functional/-/functional-2.0.0-rc.1.tgz",
      "integrity": "sha512-BmedS5o8HTlU8/NA22I6urJqat9QYIw0oH6rKdMMBisDwX7MtgJhe38W8iLP7QCcxoJeS4526qaD8uD62+Pheg==",
      "license": "MIT",
      "peerDependencies": {
        "typescript": ">=5"
      }
    },
    "node_modules/@solana/instructions": {
      "version": "2.0.0-rc.1",
      "resolved": "https://registry.npmjs.org/@solana/instructions/-/instructions-2.0.0-rc.1.tgz",
      "integrity": "sha512-zkfL4WBHPbkMrYsuGZc/sekPa/oALIVvVGUw/gwAervMeLZ34cWCUE6WC2uUUh+bq3OFq0/FSFhAg2YbHHDyUw==",
      "license": "MIT",
      "dependencies": {
        "@solana/errors": "2.0.0-rc.1"
      },
      "peerDependencies": {
        "typescript": ">=5"
      }
    },
    "node_modules/@solana/keys": {
      "version": "2.0.0-rc.1",
      "resolved": "https://registry.npmjs.org/@solana/keys/-/keys-2.0.0-rc.1.tgz",
      "integrity": "sha512-ls3B0KOvfdiBH3/fnEjHhicfXsLLb4zApJlSX4X8NZ+2TmTJ2Jqa+MakgAzrsxL1FJkTJ1RDboR9xx2CHQtKzw==",
      "license": "MIT",
      "dependencies": {
        "@solana/assertions": "2.0.0-rc.1",
        "@solana/codecs-core": "2.0.0-rc.1",
        "@solana/codecs-strings": "2.0.0-rc.1",
        "@solana/errors": "2.0.0-rc.1"
      },
      "peerDependencies": {
        "typescript": ">=5"
      }
    },
    "node_modules/@solana/options": {
      "version": "2.0.0-rc.1",
      "resolved": "https://registry.npmjs.org/@solana/options/-/options-2.0.0-rc.1.tgz",
      "integrity": "sha512-mLUcR9mZ3qfHlmMnREdIFPf9dpMc/Bl66tLSOOWxw4ml5xMT2ohFn7WGqoKcu/UHkT9CrC6+amEdqCNvUqI7AA==",
      "license": "MIT",
      "dependencies": {
        "@solana/codecs-core": "2.0.0-rc.1",
        "@solana/codecs-data-structures": "2.0.0-rc.1",
        "@solana/codecs-numbers": "2.0.0-rc.1",
        "@solana/codecs-strings": "2.0.0-rc.1",
        "@solana/errors": "2.0.0-rc.1"
      },
      "peerDependencies": {
        "typescript": ">=5"
      }
    },
    "node_modules/@solana/programs": {
      "version": "2.0.0-rc.1",
      "resolved": "https://registry.npmjs.org/@solana/programs/-/programs-2.0.0-rc.1.tgz",
      "integrity": "sha512-wF49DychwSz3sVmTF51R6DTHBGMP7Uhe7EdmCNu+Ef9EgKBJZFfrViOD6M8Q0b3WH//TV63HNlX/2QmHtJjQHg==",
      "license": "MIT",
      "dependencies": {
        "@solana/addresses": "2.0.0-rc.1",
        "@solana/errors": "2.0.0-rc.1"
      },
      "peerDependencies": {
        "typescript": ">=5"
      }
    },
    "node_modules/@solana/promises": {
      "version": "2.0.0-rc.1",
      "resolved": "https://registry.npmjs.org/@solana/promises/-/promises-2.0.0-rc.1.tgz",
      "integrity": "sha512-iIaC52Ka+omGabGn2LHOSgEm9N2gI7Iyik6LE3DDxZ4MuYmGcJ4E315XuE/UVXWnc9qOfOjgtSaaOYhde0vyrQ==",
      "license": "MIT",
      "peerDependencies": {
        "typescript": ">=5"
      }
    },
    "node_modules/@solana/rpc": {
      "version": "2.0.0-rc.1",
      "resolved": "https://registry.npmjs.org/@solana/rpc/-/rpc-2.0.0-rc.1.tgz",
      "integrity": "sha512-upqR/Ae5syzQDZkffTdU/09k1Vx073Gt4xkkpcWaTBmW0obVhrlvJvH2k5jrOQ13BZd2NVg1MWMEOBcy3+nJjQ==",
      "license": "MIT",
      "dependencies": {
        "@solana/errors": "2.0.0-rc.1",
        "@solana/fast-stable-stringify": "2.0.0-rc.1",
        "@solana/functional": "2.0.0-rc.1",
        "@solana/rpc-api": "2.0.0-rc.1",
        "@solana/rpc-spec": "2.0.0-rc.1",
        "@solana/rpc-transformers": "2.0.0-rc.1",
        "@solana/rpc-transport-http": "2.0.0-rc.1",
        "@solana/rpc-types": "2.0.0-rc.1"
      },
      "peerDependencies": {
        "typescript": ">=5"
      }
    },
    "node_modules/@solana/rpc-api": {
      "version": "2.0.0-rc.1",
      "resolved": "https://registry.npmjs.org/@solana/rpc-api/-/rpc-api-2.0.0-rc.1.tgz",
      "integrity": "sha512-pg/w+0pgj3msBCC/hkZa9/qZHRdqh7MLsHMJInXnenO+Rzj6IyE47Ig6rt6GuI4OxYy+1d714jcPXVMA8p2YWw==",
      "license": "MIT",
      "dependencies": {
        "@solana/addresses": "2.0.0-rc.1",
        "@solana/codecs-core": "2.0.0-rc.1",
        "@solana/codecs-strings": "2.0.0-rc.1",
        "@solana/errors": "2.0.0-rc.1",
        "@solana/keys": "2.0.0-rc.1",
        "@solana/rpc-parsed-types": "2.0.0-rc.1",
        "@solana/rpc-spec": "2.0.0-rc.1",
        "@solana/rpc-transformers": "2.0.0-rc.1",
        "@solana/rpc-types": "2.0.0-rc.1",
        "@solana/transaction-messages": "2.0.0-rc.1",
        "@solana/transactions": "2.0.0-rc.1"
      },
      "peerDependencies": {
        "typescript": ">=5"
      }
    },
    "node_modules/@solana/rpc-parsed-types": {
      "version": "2.0.0-rc.1",
      "resolved": "https://registry.npmjs.org/@solana/rpc-parsed-types/-/rpc-parsed-types-2.0.0-rc.1.tgz",
      "integrity": "sha512-5/AYNiZvR9do56VJgmTscRwnd9myt6x9uG7b0S3V+K5e0xzA9yJF68SzI4TQSNmLfWXCaVC90xGCWWkM19lLIQ==",
      "license": "MIT",
      "peerDependencies": {
        "typescript": ">=5"
      }
    },
    "node_modules/@solana/rpc-spec": {
      "version": "2.0.0-rc.1",
      "resolved": "https://registry.npmjs.org/@solana/rpc-spec/-/rpc-spec-2.0.0-rc.1.tgz",
      "integrity": "sha512-E81IoNzLbp24T633klEqlRujd2i/rd8xVkJGt04DL/LGS4/cCWJEhkmOnfljxWafCPUundRXlPtNG3ZmHzEYqA==",
      "license": "MIT",
      "dependencies": {
        "@solana/rpc-spec-types": "2.0.0-rc.1"
      },
      "peerDependencies": {
        "typescript": ">=5"
      }
    },
    "node_modules/@solana/rpc-spec-types": {
      "version": "2.0.0-rc.1",
      "resolved": "https://registry.npmjs.org/@solana/rpc-spec-types/-/rpc-spec-types-2.0.0-rc.1.tgz",
      "integrity": "sha512-Z0gOrzasTYU+kNNnDDG2snZxBoBPMN8oFc0EE9HiDKN9JEsc+asexzKeq+Nea7JVqVFcN5V3bjqrpD86V5EOiQ==",
      "license": "MIT",
      "peerDependencies": {
        "typescript": ">=5"
      }
    },
    "node_modules/@solana/rpc-subscriptions": {
      "version": "2.0.0-rc.1",
      "resolved": "https://registry.npmjs.org/@solana/rpc-subscriptions/-/rpc-subscriptions-2.0.0-rc.1.tgz",
      "integrity": "sha512-gHrVNWEbMi8uDO8BzpJkuDiHMcfD4SrfLRohROnHx0SfSlEGxvIkBjPnwOYIoS7IkWk95e19s7hJoBNn2TX4kw==",
      "license": "MIT",
      "dependencies": {
        "@solana/errors": "2.0.0-rc.1",
        "@solana/fast-stable-stringify": "2.0.0-rc.1",
        "@solana/functional": "2.0.0-rc.1",
        "@solana/promises": "2.0.0-rc.1",
        "@solana/rpc-subscriptions-api": "2.0.0-rc.1",
        "@solana/rpc-subscriptions-spec": "2.0.0-rc.1",
        "@solana/rpc-subscriptions-transport-websocket": "2.0.0-rc.1",
        "@solana/rpc-transformers": "2.0.0-rc.1",
        "@solana/rpc-types": "2.0.0-rc.1"
      },
      "peerDependencies": {
        "typescript": ">=5"
      }
    },
    "node_modules/@solana/rpc-subscriptions-api": {
      "version": "2.0.0-rc.1",
      "resolved": "https://registry.npmjs.org/@solana/rpc-subscriptions-api/-/rpc-subscriptions-api-2.0.0-rc.1.tgz",
      "integrity": "sha512-HmuJmB+RnpYzpiwDWncYFey0lrdFt8KbFvH0JvxEB7NX6V9NgGQIwRY1bfoaeSwX6t93p4nBWr2ckJWLNjXzCw==",
      "license": "MIT",
      "dependencies": {
        "@solana/addresses": "2.0.0-rc.1",
        "@solana/keys": "2.0.0-rc.1",
        "@solana/rpc-subscriptions-spec": "2.0.0-rc.1",
        "@solana/rpc-transformers": "2.0.0-rc.1",
        "@solana/rpc-types": "2.0.0-rc.1",
        "@solana/transaction-messages": "2.0.0-rc.1",
        "@solana/transactions": "2.0.0-rc.1"
      },
      "peerDependencies": {
        "typescript": ">=5"
      }
    },
    "node_modules/@solana/rpc-subscriptions-spec": {
      "version": "2.0.0-rc.1",
      "resolved": "https://registry.npmjs.org/@solana/rpc-subscriptions-spec/-/rpc-subscriptions-spec-2.0.0-rc.1.tgz",
      "integrity": "sha512-eXRVlMr9zw4JlBoJgVhFRxFs3Iaowhtt35ZIMD+OoTqgKniL62iGiZ3hXsuMDToMvQCBd0UfI+ZVdF2gLQdg9A==",
      "license": "MIT",
      "dependencies": {
        "@solana/errors": "2.0.0-rc.1",
        "@solana/rpc-spec-types": "2.0.0-rc.1"
      },
      "peerDependencies": {
        "typescript": ">=5"
      }
    },
    "node_modules/@solana/rpc-subscriptions-transport-websocket": {
      "version": "2.0.0-rc.1",
      "resolved": "https://registry.npmjs.org/@solana/rpc-subscriptions-transport-websocket/-/rpc-subscriptions-transport-websocket-2.0.0-rc.1.tgz",
      "integrity": "sha512-NxheQmG6Ku9gjF3TyGbM8Nxx6fOU3m89LdfH9SQNu6yME6VXKWuT1LaY24T707yDOoKZJsOWabRrQtNfJ+3HZA==",
      "license": "MIT",
      "dependencies": {
        "@solana/errors": "2.0.0-rc.1",
        "@solana/rpc-subscriptions-spec": "2.0.0-rc.1"
      },
      "peerDependencies": {
        "typescript": ">=5",
        "ws": "^8.14.0"
      }
    },
    "node_modules/@solana/rpc-transformers": {
      "version": "2.0.0-rc.1",
      "resolved": "https://registry.npmjs.org/@solana/rpc-transformers/-/rpc-transformers-2.0.0-rc.1.tgz",
      "integrity": "sha512-YM25X4Eeh39UR2AoSrCFn74W99bQk0/DLqyPgZpNBRbszzEifGHqu83NNFwBuPMVc9q7ilf5s6r6pqhWP+5JJw==",
      "license": "MIT",
      "dependencies": {
        "@solana/errors": "2.0.0-rc.1",
        "@solana/functional": "2.0.0-rc.1",
        "@solana/rpc-spec": "2.0.0-rc.1",
        "@solana/rpc-subscriptions-spec": "2.0.0-rc.1",
        "@solana/rpc-types": "2.0.0-rc.1"
      },
      "peerDependencies": {
        "typescript": ">=5"
      }
    },
    "node_modules/@solana/rpc-transport-http": {
      "version": "2.0.0-rc.1",
      "resolved": "https://registry.npmjs.org/@solana/rpc-transport-http/-/rpc-transport-http-2.0.0-rc.1.tgz",
      "integrity": "sha512-Byvn2LnaCgTnEyr78wcgh8SrVHo+L6/l1kXQW05cNAjjbS8d8z4meBUBrXDWHmCsWy7RdnrTcBixPPtE+pUebw==",
      "license": "MIT",
      "dependencies": {
        "@solana/errors": "2.0.0-rc.1",
        "@solana/rpc-spec": "2.0.0-rc.1",
        "undici-types": "^6.19.5"
      },
      "peerDependencies": {
        "typescript": ">=5"
      }
    },
    "node_modules/@solana/rpc-types": {
      "version": "2.0.0-rc.1",
      "resolved": "https://registry.npmjs.org/@solana/rpc-types/-/rpc-types-2.0.0-rc.1.tgz",
      "integrity": "sha512-EcGx9VXqA0+uYEdaa1lKTaGBVxLyNL8nkecE4GkqQ+ntRyYlNBPecd4b8siQGSleUQa+Tk/VSPUawSkHqNTLug==",
      "license": "MIT",
      "dependencies": {
        "@solana/addresses": "2.0.0-rc.1",
        "@solana/codecs-core": "2.0.0-rc.1",
        "@solana/codecs-numbers": "2.0.0-rc.1",
        "@solana/codecs-strings": "2.0.0-rc.1",
        "@solana/errors": "2.0.0-rc.1"
      },
      "peerDependencies": {
        "typescript": ">=5"
      }
    },
    "node_modules/@solana/signers": {
      "version": "2.0.0-rc.1",
      "resolved": "https://registry.npmjs.org/@solana/signers/-/signers-2.0.0-rc.1.tgz",
      "integrity": "sha512-dv3oKSF+AIaHKpnSkmzEf+jXVcA3nl015+Mp/WQZYzQJS01dlrmnd4N5DOSn2CaPRJ0TLujHkupxkOFXbe149A==",
      "license": "MIT",
      "dependencies": {
        "@solana/addresses": "2.0.0-rc.1",
        "@solana/codecs-core": "2.0.0-rc.1",
        "@solana/errors": "2.0.0-rc.1",
        "@solana/instructions": "2.0.0-rc.1",
        "@solana/keys": "2.0.0-rc.1",
        "@solana/transaction-messages": "2.0.0-rc.1",
        "@solana/transactions": "2.0.0-rc.1"
      },
      "peerDependencies": {
        "typescript": ">=5"
      }
    },
    "node_modules/@solana/sysvars": {
      "version": "2.0.0-rc.1",
      "resolved": "https://registry.npmjs.org/@solana/sysvars/-/sysvars-2.0.0-rc.1.tgz",
      "integrity": "sha512-nLiuisgbRw7FkJrxPJOBzf0ro7ZCk0gWgMyLQexe9oPoTzdZnWbHI4ldYDmtfdy2dkPBsNTz6sZ6o75HwnGu0A==",
      "license": "MIT",
      "dependencies": {
        "@solana/accounts": "2.0.0-rc.1",
        "@solana/codecs": "2.0.0-rc.1",
        "@solana/errors": "2.0.0-rc.1",
        "@solana/rpc-types": "2.0.0-rc.1"
      },
      "peerDependencies": {
        "typescript": ">=5"
      }
    },
    "node_modules/@solana/transaction-confirmation": {
      "version": "2.0.0-rc.1",
      "resolved": "https://registry.npmjs.org/@solana/transaction-confirmation/-/transaction-confirmation-2.0.0-rc.1.tgz",
      "integrity": "sha512-ES671CZUDLaXV46Vv3Kxd22coSQE4DlE7y0s9ChzQ7t4bLGv6DeHlHXU9kQBtou9koLR25wiDUWtvwNUyzUbHw==",
      "license": "MIT",
      "dependencies": {
        "@solana/addresses": "2.0.0-rc.1",
        "@solana/codecs-strings": "2.0.0-rc.1",
        "@solana/errors": "2.0.0-rc.1",
        "@solana/keys": "2.0.0-rc.1",
        "@solana/promises": "2.0.0-rc.1",
        "@solana/rpc": "2.0.0-rc.1",
        "@solana/rpc-subscriptions": "2.0.0-rc.1",
        "@solana/rpc-types": "2.0.0-rc.1",
        "@solana/transaction-messages": "2.0.0-rc.1",
        "@solana/transactions": "2.0.0-rc.1"
      },
      "peerDependencies": {
        "typescript": ">=5"
      }
    },
    "node_modules/@solana/transaction-messages": {
      "version": "2.0.0-rc.1",
      "resolved": "https://registry.npmjs.org/@solana/transaction-messages/-/transaction-messages-2.0.0-rc.1.tgz",
      "integrity": "sha512-pZTetOtRDwfuK/fyE8FKbtRsLQOTgEIQld3tskB85npUHaEgrnCYzp3nJtMhKOLel3w3f/27VtWLNSrRyyAiew==",
      "license": "MIT",
      "dependencies": {
        "@solana/addresses": "2.0.0-rc.1",
        "@solana/codecs-core": "2.0.0-rc.1",
        "@solana/codecs-data-structures": "2.0.0-rc.1",
        "@solana/codecs-numbers": "2.0.0-rc.1",
        "@solana/errors": "2.0.0-rc.1",
        "@solana/functional": "2.0.0-rc.1",
        "@solana/instructions": "2.0.0-rc.1",
        "@solana/rpc-types": "2.0.0-rc.1"
      },
      "peerDependencies": {
        "typescript": ">=5"
      }
    },
    "node_modules/@solana/transactions": {
      "version": "2.0.0-rc.1",
      "resolved": "https://registry.npmjs.org/@solana/transactions/-/transactions-2.0.0-rc.1.tgz",
      "integrity": "sha512-u9MH2Kk4P0E5rNxATdx/ljR2rp34S9VuC3Jzj9nCMKJ0XwvCD+ddTmIDop5Vs+96Ls9SGj0XaKAJtT+9S7SDpw==",
      "license": "MIT",
      "dependencies": {
        "@solana/addresses": "2.0.0-rc.1",
        "@solana/codecs-core": "2.0.0-rc.1",
        "@solana/codecs-data-structures": "2.0.0-rc.1",
        "@solana/codecs-numbers": "2.0.0-rc.1",
        "@solana/codecs-strings": "2.0.0-rc.1",
        "@solana/errors": "2.0.0-rc.1",
        "@solana/functional": "2.0.0-rc.1",
        "@solana/instructions": "2.0.0-rc.1",
        "@solana/keys": "2.0.0-rc.1",
        "@solana/rpc-types": "2.0.0-rc.1",
        "@solana/transaction-messages": "2.0.0-rc.1"
      },
      "peerDependencies": {
        "typescript": ">=5"
      }
    },
    "node_modules/@solana/web3.js": {
      "version": "2.0.0-rc.1",
      "resolved": "https://registry.npmjs.org/@solana/web3.js/-/web3.js-2.0.0-rc.1.tgz",
      "integrity": "sha512-0fE40ZsJuqSOYOWbt8haHBIbhSfGckxJbwWEK+xRQaWr1sY1+MPUDnBawsLf818g9KRSNnS2Y3+/Sve7A3yfBA==",
      "license": "MIT",
      "dependencies": {
        "@solana/accounts": "2.0.0-rc.1",
        "@solana/addresses": "2.0.0-rc.1",
        "@solana/codecs": "2.0.0-rc.1",
        "@solana/errors": "2.0.0-rc.1",
        "@solana/functional": "2.0.0-rc.1",
        "@solana/instructions": "2.0.0-rc.1",
        "@solana/keys": "2.0.0-rc.1",
        "@solana/programs": "2.0.0-rc.1",
        "@solana/rpc": "2.0.0-rc.1",
        "@solana/rpc-parsed-types": "2.0.0-rc.1",
        "@solana/rpc-subscriptions": "2.0.0-rc.1",
        "@solana/rpc-types": "2.0.0-rc.1",
        "@solana/signers": "2.0.0-rc.1",
        "@solana/sysvars": "2.0.0-rc.1",
        "@solana/transaction-confirmation": "2.0.0-rc.1",
        "@solana/transaction-messages": "2.0.0-rc.1",
        "@solana/transactions": "2.0.0-rc.1"
      },
      "peerDependencies": {
        "typescript": ">=5"
      }
    },
    "node_modules/@types/node": {
      "version": "22.7.5",
      "resolved": "https://registry.npmjs.org/@types/node/-/node-22.7.5.tgz",
      "integrity": "sha512-jML7s2NAzMWc//QSJ1a3prpk78cOPchGvXJsC3C6R6PSMoooztvRVQEz89gmBTBY1SPMaqo5teB4uNHPdetShQ==",
      "dev": true,
      "license": "MIT",
      "dependencies": {
        "undici-types": "~6.19.2"
      }
    },
    "node_modules/chalk": {
      "version": "5.3.0",
      "resolved": "https://registry.npmjs.org/chalk/-/chalk-5.3.0.tgz",
      "integrity": "sha512-dLitG79d+GV1Nb/VYcCDFivJeK1hiukt9QjRNVOsUtTy1rR1YJsmpGGTZ3qJos+uw7WmWF4wUwBd9jxjocFC2w==",
      "license": "MIT",
      "engines": {
        "node": "^12.17.0 || ^14.13 || >=16.0.0"
      },
      "funding": {
        "url": "https://github.com/chalk/chalk?sponsor=1"
      }
    },
    "node_modules/commander": {
      "version": "12.1.0",
      "resolved": "https://registry.npmjs.org/commander/-/commander-12.1.0.tgz",
      "integrity": "sha512-Vw8qHK3bZM9y/P10u3Vib8o/DdkvA2OtPtZvD871QKjy74Wj1WSKFILMPRPSdUSx5RFK1arlJzEtA4PkFgnbuA==",
      "license": "MIT",
      "engines": {
        "node": ">=18"
      }
    },
    "node_modules/dotenv": {
      "version": "16.4.5",
      "resolved": "https://registry.npmjs.org/dotenv/-/dotenv-16.4.5.tgz",
      "integrity": "sha512-ZmdL2rui+eB2YwhsWzjInR8LldtZHGDoQ1ugH85ppHKwpUHL7j7rN0Ti9NCnGiQbhaZ11FpR+7ao1dNsmduNUg==",
      "license": "BSD-2-Clause",
      "engines": {
        "node": ">=12"
      },
      "funding": {
        "url": "https://dotenvx.com"
      }
    },
    "node_modules/fastestsmallesttextencoderdecoder": {
      "version": "1.0.22",
      "resolved": "https://registry.npmjs.org/fastestsmallesttextencoderdecoder/-/fastestsmallesttextencoderdecoder-1.0.22.tgz",
      "integrity": "sha512-Pb8d48e+oIuY4MaM64Cd7OW1gt4nxCHs7/ddPPZ/Ic3sg8yVGM7O9wDvZ7us6ScaUupzM+pfBolwtYhN1IxBIw==",
      "license": "CC0-1.0",
      "peer": true
    },
    "node_modules/typescript": {
      "version": "5.6.3",
      "resolved": "https://registry.npmjs.org/typescript/-/typescript-5.6.3.tgz",
      "integrity": "sha512-hjcS1mhfuyi4WW8IWtjP7brDrG2cuDZukyrYrSauoXGNgx0S7zceP07adYkJycEr56BOUTNPzbInooiN3fn1qw==",
      "license": "Apache-2.0",
      "bin": {
        "tsc": "bin/tsc",
        "tsserver": "bin/tsserver"
      },
      "engines": {
        "node": ">=14.17"
      }
    },
    "node_modules/undici-types": {
      "version": "6.19.8",
      "resolved": "https://registry.npmjs.org/undici-types/-/undici-types-6.19.8.tgz",
      "integrity": "sha512-ve2KP6f/JnbPBFyobGHuerC9g1FYGn/F8n1LWTwNxCEzd6IfqTwUQcNXgEtmmQ6DlRrC1hrSrBnCZPokRrDHjw==",
      "license": "MIT"
    },
    "node_modules/ws": {
      "version": "8.18.0",
      "resolved": "https://registry.npmjs.org/ws/-/ws-8.18.0.tgz",
      "integrity": "sha512-8VbfWfHLbbwu3+N6OKsOMpBdT4kXPDDB9cJk2bJ6mh9ucxdlnNvH1e+roYkKmN9Nxw2yjz7VzeO9oOz2zJ04Pw==",
      "license": "MIT",
      "peer": true,
      "engines": {
        "node": ">=10.0.0"
      },
      "peerDependencies": {
        "bufferutil": "^4.0.1",
        "utf-8-validate": ">=5.0.2"
      },
      "peerDependenciesMeta": {
        "bufferutil": {
          "optional": true
        },
        "utf-8-validate": {
          "optional": true
        }
      }
    }
  }
}
